{
  "name": "nexval-wiremock",
  "version": "1.0.0",
  "lockfileVersion": 3,
  "requires": true,
  "packages": {
    "": {
      "name": "nexval-wiremock",
      "version": "1.0.0",
      "license": "ISC",
      "devDependencies": {
        "wiremock": "^2.35.0"
      }
    },
    "node_modules/npm-java-runner": {
      "version": "1.0.2",
      "resolved": "https://registry.npmjs.org/npm-java-runner/-/npm-java-runner-1.0.2.tgz",
      "integrity": "sha512-rbf77NAjOm9O1N/IOytA2sabV5uER03fnvNJVwSkQdqwhqsVM4E69Jchg8AdfoYatMY2GR/TmB5KXJY9G8LRYA==",
      "dev": true,
      "license": "Apache 2"
    },
    "node_modules/wiremock": {
      "version": "2.35.1",
      "resolved": "https://registry.npmjs.org/wiremock/-/wiremock-2.35.1.tgz",
      "integrity": "sha512-GTrJ6Ss9iyqxar3JHrr6PgdRaP5WxwYsKq+zeO2CwE1AOfYZ38s2usjyCXKeDlqtvkKEytHsa9AggPqDvva09Q==",
      "dev": true,
      "license": "Apache 2",
      "dependencies": {
        "npm-java-runner": "^1.0.2"
      },
      "bin": {
        "wiremock": "index.js"
      }
    }
  }
}
